
Microsoft Visual Studio Solution File, Format Version 12.00
# Visual Studio Version 17
VisualStudioVersion = 17.1.32210.238
MinimumVisualStudioVersion = 10.0.40219.1
Project("{FAE04EC0-301F-11D3-BF4B-00C04F79EFBC}") = "SMB", "SMB\SMB.csproj", "{FA7F0E17-872C-4EDE-927C-B6377B05986E}"
EndProject
Global
	GlobalSection(SolutionConfigurationPlatforms) = preSolution
		Debug|Any CPU = Debug|Any CPU
		Release|Any CPU = Release|Any CPU
	EndGlobalSection
	GlobalSection(ProjectConfigurationPlatforms) = postSolution
		{FA7F0E17-872C-4EDE-927C-B6377B05986E}.Debug|Any CPU.ActiveCfg = Debug|Any CPU
		{FA7F0E17-872C-4EDE-927C-B6377B05986E}.Debug|Any CPU.Build.0 = Debug|Any CPU
		{FA7F0E17-872C-4EDE-927C-B6377B05986E}.Release|Any CPU.ActiveCfg = Release|Any CPU
		{FA7F0E17-872C-4EDE-927C-B6377B05986E}.Release|Any CPU.Build.0 = Release|Any CPU
	EndGlobalSection
	GlobalSection(SolutionProperties) = preSolution
		HideSolutionNode = FALSE
	EndGlobalSection
	GlobalSection(ExtensibilityGlobals) = postSolution
		SolutionGuid = {45420D39-0131-42B0-AD8E-930291D7ACFA}
	EndGlobalSection
EndGlobal
